
Microsoft Visual Studio Solution File, Format Version 12.00
Project("{FAE04EC0-301F-11D3-BF4B-00C04F79EFBC}") = "DataLayer", "DataLayer\DataLayer.csproj", "{B8517D58-F0FC-45AB-AE0E-0FEE12F00CC1}"
EndProject
Project("{FAE04EC0-301F-11D3-BF4B-00C04F79EFBC}") = "DataLayerTests", "DataLayerTests\DataLayerTests.csproj", "{F105F1F3-3B04-4AD9-A060-DE0A4ACF7B92}"
EndProject
Project("{FAE04EC0-301F-11D3-BF4B-00C04F79EFBC}") = "API", "API\API.csproj", "{6EAA4D13-3325-46C9-8397-019634C2F493}"
EndProject
Global
	GlobalSection(SolutionConfigurationPlatforms) = preSolution
		Debug|Any CPU = Debug|Any CPU
		Release|Any CPU = Release|Any CPU
	EndGlobalSection
	GlobalSection(ProjectConfigurationPlatforms) = postSolution
		{B8517D58-F0FC-45AB-AE0E-0FEE12F00CC1}.Debug|Any CPU.ActiveCfg = Debug|Any CPU
		{B8517D58-F0FC-45AB-AE0E-0FEE12F00CC1}.Debug|Any CPU.Build.0 = Debug|Any CPU
		{B8517D58-F0FC-45AB-AE0E-0FEE12F00CC1}.Release|Any CPU.ActiveCfg = Release|Any CPU
		{B8517D58-F0FC-45AB-AE0E-0FEE12F00CC1}.Release|Any CPU.Build.0 = Release|Any CPU
		{F105F1F3-3B04-4AD9-A060-DE0A4ACF7B92}.Debug|Any CPU.ActiveCfg = Debug|Any CPU
		{F105F1F3-3B04-4AD9-A060-DE0A4ACF7B92}.Debug|Any CPU.Build.0 = Debug|Any CPU
		{F105F1F3-3B04-4AD9-A060-DE0A4ACF7B92}.Release|Any CPU.ActiveCfg = Release|Any CPU
		{F105F1F3-3B04-4AD9-A060-DE0A4ACF7B92}.Release|Any CPU.Build.0 = Release|Any CPU
		{6EAA4D13-3325-46C9-8397-019634C2F493}.Debug|Any CPU.ActiveCfg = Debug|Any CPU
		{6EAA4D13-3325-46C9-8397-019634C2F493}.Debug|Any CPU.Build.0 = Debug|Any CPU
		{6EAA4D13-3325-46C9-8397-019634C2F493}.Release|Any CPU.ActiveCfg = Release|Any CPU
		{6EAA4D13-3325-46C9-8397-019634C2F493}.Release|Any CPU.Build.0 = Release|Any CPU
	EndGlobalSection
EndGlobal
